
Microsoft Visual Studio Solution File, Format Version 12.00
# Visual Studio Version 16
VisualStudioVersion = 16.0.31129.286
MinimumVisualStudioVersion = 10.0.40219.1
Project("{FAE04EC0-301F-11D3-BF4B-00C04F79EFBC}") = "FileUpload", "FileUpload\FileUpload.csproj", "{DBDA23DE-4030-46D1-AFFA-E384B0BE7331}"
EndProject
Global
	GlobalSection(SolutionConfigurationPlatforms) = preSolution
		Debug|Any CPU = Debug|Any CPU
		Release|Any CPU = Release|Any CPU
	EndGlobalSection
	GlobalSection(ProjectConfigurationPlatforms) = postSolution
		{DBDA23DE-4030-46D1-AFFA-E384B0BE7331}.Debug|Any CPU.ActiveCfg = Debug|Any CPU
		{DBDA23DE-4030-46D1-AFFA-E384B0BE7331}.Debug|Any CPU.Build.0 = Debug|Any CPU
		{DBDA23DE-4030-46D1-AFFA-E384B0BE7331}.Release|Any CPU.ActiveCfg = Release|Any CPU
		{DBDA23DE-4030-46D1-AFFA-E384B0BE7331}.Release|Any CPU.Build.0 = Release|Any CPU
	EndGlobalSection
	GlobalSection(SolutionProperties) = preSolution
		HideSolutionNode = FALSE
	EndGlobalSection
	GlobalSection(ExtensibilityGlobals) = postSolution
		SolutionGuid = {2F2BFD77-08A8-4B5A-BCF6-08A6AFC4F722}
	EndGlobalSection
EndGlobal
